
Microsoft Visual Studio Solution File, Format Version 12.00
# Visual Studio Version 17
VisualStudioVersion = 17.8.34511.84
MinimumVisualStudioVersion = 10.0.40219.1
Project("{9A19103F-16F7-4668-BE54-9A1E7A4F7556}") = "BarberDevs-API", "BarberDevs-API\BarberDevs-API.csproj", "{BF9A5C47-E52B-4FDB-AA07-B9635777FC06}"
EndProject
Global
	GlobalSection(SolutionConfigurationPlatforms) = preSolution
		Debug|Any CPU = Debug|Any CPU
		Release|Any CPU = Release|Any CPU
	EndGlobalSection
	GlobalSection(ProjectConfigurationPlatforms) = postSolution
		{BF9A5C47-E52B-4FDB-AA07-B9635777FC06}.Debug|Any CPU.ActiveCfg = Debug|Any CPU
		{BF9A5C47-E52B-4FDB-AA07-B9635777FC06}.Debug|Any CPU.Build.0 = Debug|Any CPU
		{BF9A5C47-E52B-4FDB-AA07-B9635777FC06}.Release|Any CPU.ActiveCfg = Release|Any CPU
		{BF9A5C47-E52B-4FDB-AA07-B9635777FC06}.Release|Any CPU.Build.0 = Release|Any CPU
	EndGlobalSection
	GlobalSection(SolutionProperties) = preSolution
		HideSolutionNode = FALSE
	EndGlobalSection
	GlobalSection(ExtensibilityGlobals) = postSolution
		SolutionGuid = {52A704D9-40E8-4297-A063-14C8BD179778}
	EndGlobalSection
EndGlobal
